
Microsoft Visual Studio Solution File, Format Version 12.00
Project("{FAE04EC0-301F-11D3-BF4B-00C04F79EFBC}") = "Examples.Immutable.After", "Examples.Immutable.After\Examples.Immutable.After.csproj", "{341CAA83-D798-4258-A4F2-725BCC9E2710}"
EndProject
Project("{FAE04EC0-301F-11D3-BF4B-00C04F79EFBC}") = "Examples.Immutable.After.Tests", "Examples.Immutable.After.Tests\Examples.Immutable.After.Tests.csproj", "{B7157AC9-4926-45F7-ACB0-915E15BB81F1}"
EndProject
Project("{2150E333-8FDC-42A3-9474-1A3956D46DE8}") = "Immutable", "Immutable", "{8B66ACF1-6460-4586-96BA-16EEFB9DDCDF}"
EndProject
Project("{2150E333-8FDC-42A3-9474-1A3956D46DE8}") = "Before", "Before", "{7B996F6F-D135-4480-A4C6-A639638E92B9}"
EndProject
Project("{2150E333-8FDC-42A3-9474-1A3956D46DE8}") = "After", "After", "{4C533F3C-43D1-4896-9DF1-AB5653A758D9}"
EndProject
Project("{FAE04EC0-301F-11D3-BF4B-00C04F79EFBC}") = "Examples.Immutable.Before", "Examples.Immutable.Before\Examples.Immutable.Before.csproj", "{FDBC0CC9-063A-47EA-9C67-0F711267679F}"
EndProject
Project("{2150E333-8FDC-42A3-9474-1A3956D46DE8}") = "Monads", "Monads", "{3CB233F2-C41D-4DE1-82D0-A728FFDF4191}"
EndProject
Project("{2150E333-8FDC-42A3-9474-1A3956D46DE8}") = "PrimitiveObsession", "PrimitiveObsession", "{03F5C612-2D24-437F-9740-760109F476D8}"
EndProject
Project("{FAE04EC0-301F-11D3-BF4B-00C04F79EFBC}") = "Examples.Monads.Logic", "Examples.Monads.Logic\Examples.Monads.Logic.csproj", "{C676AC89-FC28-4992-B277-8D75EE26E782}"
EndProject
Project("{FAE04EC0-301F-11D3-BF4B-00C04F79EFBC}") = "Examples.PrimitiveObsession.Logic", "Examples.PrimitiveObsession.Logic\Examples.PrimitiveObsession.Logic.csproj", "{D4DD2B91-5D00-4424-87DA-84393A8B27EF}"
EndProject
Project("{2150E333-8FDC-42A3-9474-1A3956D46DE8}") = "RailwayOrientedProgramming", "RailwayOrientedProgramming", "{5821F938-3E26-4FDE-9332-DD29175791D8}"
EndProject
Project("{FAE04EC0-301F-11D3-BF4B-00C04F79EFBC}") = "Examples.RailwayOrientedProgramming.Logic", "Examples.RailwayOrientedProgramming.Logic\Examples.RailwayOrientedProgramming.Logic.csproj", "{06E4F994-161A-451B-83B2-C88E8B84BD16}"
EndProject
Project("{FAE04EC0-301F-11D3-BF4B-00C04F79EFBC}") = "Examples.RailwayOrientedProgramming.Api", "Examples.RailwayOrientedProgramming.Api\Examples.RailwayOrientedProgramming.Api.csproj", "{DEF31179-F870-4C30-8007-33D01732BC41}"
EndProject
Global
	GlobalSection(SolutionConfigurationPlatforms) = preSolution
		Debug|Any CPU = Debug|Any CPU
		Release|Any CPU = Release|Any CPU
	EndGlobalSection
	GlobalSection(ProjectConfigurationPlatforms) = postSolution
		{341CAA83-D798-4258-A4F2-725BCC9E2710}.Debug|Any CPU.ActiveCfg = Debug|Any CPU
		{341CAA83-D798-4258-A4F2-725BCC9E2710}.Debug|Any CPU.Build.0 = Debug|Any CPU
		{341CAA83-D798-4258-A4F2-725BCC9E2710}.Release|Any CPU.ActiveCfg = Release|Any CPU
		{341CAA83-D798-4258-A4F2-725BCC9E2710}.Release|Any CPU.Build.0 = Release|Any CPU
		{B7157AC9-4926-45F7-ACB0-915E15BB81F1}.Debug|Any CPU.ActiveCfg = Debug|Any CPU
		{B7157AC9-4926-45F7-ACB0-915E15BB81F1}.Debug|Any CPU.Build.0 = Debug|Any CPU
		{B7157AC9-4926-45F7-ACB0-915E15BB81F1}.Release|Any CPU.ActiveCfg = Release|Any CPU
		{B7157AC9-4926-45F7-ACB0-915E15BB81F1}.Release|Any CPU.Build.0 = Release|Any CPU
		{FDBC0CC9-063A-47EA-9C67-0F711267679F}.Debug|Any CPU.ActiveCfg = Debug|Any CPU
		{FDBC0CC9-063A-47EA-9C67-0F711267679F}.Debug|Any CPU.Build.0 = Debug|Any CPU
		{FDBC0CC9-063A-47EA-9C67-0F711267679F}.Release|Any CPU.ActiveCfg = Release|Any CPU
		{FDBC0CC9-063A-47EA-9C67-0F711267679F}.Release|Any CPU.Build.0 = Release|Any CPU
		{C676AC89-FC28-4992-B277-8D75EE26E782}.Debug|Any CPU.ActiveCfg = Debug|Any CPU
		{C676AC89-FC28-4992-B277-8D75EE26E782}.Debug|Any CPU.Build.0 = Debug|Any CPU
		{C676AC89-FC28-4992-B277-8D75EE26E782}.Release|Any CPU.ActiveCfg = Release|Any CPU
		{C676AC89-FC28-4992-B277-8D75EE26E782}.Release|Any CPU.Build.0 = Release|Any CPU
		{D4DD2B91-5D00-4424-87DA-84393A8B27EF}.Debug|Any CPU.ActiveCfg = Debug|Any CPU
		{D4DD2B91-5D00-4424-87DA-84393A8B27EF}.Debug|Any CPU.Build.0 = Debug|Any CPU
		{D4DD2B91-5D00-4424-87DA-84393A8B27EF}.Release|Any CPU.ActiveCfg = Release|Any CPU
		{D4DD2B91-5D00-4424-87DA-84393A8B27EF}.Release|Any CPU.Build.0 = Release|Any CPU
		{06E4F994-161A-451B-83B2-C88E8B84BD16}.Debug|Any CPU.ActiveCfg = Debug|Any CPU
		{06E4F994-161A-451B-83B2-C88E8B84BD16}.Debug|Any CPU.Build.0 = Debug|Any CPU
		{06E4F994-161A-451B-83B2-C88E8B84BD16}.Release|Any CPU.ActiveCfg = Release|Any CPU
		{06E4F994-161A-451B-83B2-C88E8B84BD16}.Release|Any CPU.Build.0 = Release|Any CPU
		{DEF31179-F870-4C30-8007-33D01732BC41}.Debug|Any CPU.ActiveCfg = Debug|Any CPU
		{DEF31179-F870-4C30-8007-33D01732BC41}.Debug|Any CPU.Build.0 = Debug|Any CPU
		{DEF31179-F870-4C30-8007-33D01732BC41}.Release|Any CPU.ActiveCfg = Release|Any CPU
		{DEF31179-F870-4C30-8007-33D01732BC41}.Release|Any CPU.Build.0 = Release|Any CPU
	EndGlobalSection
	GlobalSection(NestedProjects) = preSolution
		{7B996F6F-D135-4480-A4C6-A639638E92B9} = {8B66ACF1-6460-4586-96BA-16EEFB9DDCDF}
		{4C533F3C-43D1-4896-9DF1-AB5653A758D9} = {8B66ACF1-6460-4586-96BA-16EEFB9DDCDF}
		{341CAA83-D798-4258-A4F2-725BCC9E2710} = {4C533F3C-43D1-4896-9DF1-AB5653A758D9}
		{B7157AC9-4926-45F7-ACB0-915E15BB81F1} = {4C533F3C-43D1-4896-9DF1-AB5653A758D9}
		{FDBC0CC9-063A-47EA-9C67-0F711267679F} = {7B996F6F-D135-4480-A4C6-A639638E92B9}
		{C676AC89-FC28-4992-B277-8D75EE26E782} = {3CB233F2-C41D-4DE1-82D0-A728FFDF4191}
		{D4DD2B91-5D00-4424-87DA-84393A8B27EF} = {03F5C612-2D24-437F-9740-760109F476D8}
		{06E4F994-161A-451B-83B2-C88E8B84BD16} = {5821F938-3E26-4FDE-9332-DD29175791D8}
		{DEF31179-F870-4C30-8007-33D01732BC41} = {5821F938-3E26-4FDE-9332-DD29175791D8}
	EndGlobalSection
EndGlobal
